// !$*UTF8*$!
{
	archiveVersion = 1;
	classes = {
	};
	objectVersion = 50;
	objects = {

/* Begin PBXBuildFile section */
		F108749A208DFD8A009F26A5 /* Assets.xcassets in Resources */ = {isa = PBXBuildFile; fileRef = F1087499208DFD8A009F26A5 /* Assets.xcassets */; };
		F1412841208760380004C610 /* AppDelegate.swift in Sources */ = {isa = PBXBuildFile; fileRef = F1412840208760380004C610 /* AppDelegate.swift */; };
		F141284B2087603B0004C610 /* LaunchScreen.storyboard in Resources */ = {isa = PBXBuildFile; fileRef = F14128492087603B0004C610 /* LaunchScreen.storyboard */; };
		F141285D208770660004C610 /* MainViewController.swift in Sources */ = {isa = PBXBuildFile; fileRef = F141285C208770660004C610 /* MainViewController.swift */; };
		F141285F2087738C0004C610 /* HomeTableViewController.swift in Sources */ = {isa = PBXBuildFile; fileRef = F141285E2087738C0004C610 /* HomeTableViewController.swift */; };
		F1412861208773AA0004C610 /* MessageTableViewController.swift in Sources */ = {isa = PBXBuildFile; fileRef = F1412860208773AA0004C610 /* MessageTableViewController.swift */; };
		F1412863208773B90004C610 /* ProfileTableViewController.swift in Sources */ = {isa = PBXBuildFile; fileRef = F1412862208773B90004C610 /* ProfileTableViewController.swift */; };
		F1412865208773C90004C610 /* DiscoverTableViewController.swift in Sources */ = {isa = PBXBuildFile; fileRef = F1412864208773C90004C610 /* DiscoverTableViewController.swift */; };
/* End PBXBuildFile section */

/* Begin PBXFileReference section */
		F1087499208DFD8A009F26A5 /* Assets.xcassets */ = {isa = PBXFileReference; lastKnownFileType = folder.assetcatalog; path = Assets.xcassets; sourceTree = "<group>"; };
		F141283D208760380004C610 /* MicroChat.app */ = {isa = PBXFileReference; explicitFileType = wrapper.application; includeInIndex = 0; path = MicroChat.app; sourceTree = BUILT_PRODUCTS_DIR; };
		F1412840208760380004C610 /* AppDelegate.swift */ = {isa = PBXFileReference; lastKnownFileType = sourcecode.swift; path = AppDelegate.swift; sourceTree = "<group>"; };
		F141284A2087603B0004C610 /* Base */ = {isa = PBXFileReference; lastKnownFileType = file.storyboard; name = Base; path = Base.lproj/LaunchScreen.storyboard; sourceTree = "<group>"; };
		F141284C2087603B0004C610 /* Info.plist */ = {isa = PBXFileReference; lastKnownFileType = text.plist.xml; path = Info.plist; sourceTree = "<group>"; };
		F141285C208770660004C610 /* MainViewController.swift */ = {isa = PBXFileReference; lastKnownFileType = sourcecode.swift; path = MainViewController.swift; sourceTree = "<group>"; };
		F141285E2087738C0004C610 /* HomeTableViewController.swift */ = {isa = PBXFileReference; lastKnownFileType = sourcecode.swift; path = HomeTableViewController.swift; sourceTree = "<group>"; };
		F1412860208773AA0004C610 /* MessageTableViewController.swift */ = {isa = PBXFileReference; lastKnownFileType = sourcecode.swift; path = MessageTableViewController.swift; sourceTree = "<group>"; };
		F1412862208773B90004C610 /* ProfileTableViewController.swift */ = {isa = PBXFileReference; lastKnownFileType = sourcecode.swift; path = ProfileTableViewController.swift; sourceTree = "<group>"; };
		F1412864208773C90004C610 /* DiscoverTableViewController.swift */ = {isa = PBXFileReference; lastKnownFileType = sourcecode.swift; path = DiscoverTableViewController.swift; sourceTree = "<group>"; };
/* End PBXFileReference section */

/* Begin PBXFrameworksBuildPhase section */
		F141283A208760380004C610 /* Frameworks */ = {
			isa = PBXFrameworksBuildPhase;
			buildActionMask = 2147483647;
			files = (
			);
			runOnlyForDeploymentPostprocessing = 0;
		};
/* End PBXFrameworksBuildPhase section */

/* Begin PBXGroup section */
		F1412834208760380004C610 = {
			isa = PBXGroup;
			children = (
				F141283F208760380004C610 /* MicroChat */,
				F141283E208760380004C610 /* Products */,
			);
			sourceTree = "<group>";
		};
		F141283E208760380004C610 /* Products */ = {
			isa = PBXGroup;
			children = (
				F141283D208760380004C610 /* MicroChat.app */,
			);
			name = Products;
			sourceTree = "<group>";
		};
		F141283F208760380004C610 /* MicroChat */ = {
			isa = PBXGroup;
			children = (
				F141285220876E8A0004C610 /* Classes */,
				F1412840208760380004C610 /* AppDelegate.swift */,
				F14128492087603B0004C610 /* LaunchScreen.storyboard */,
				F141284C2087603B0004C610 /* Info.plist */,
				F1087499208DFD8A009F26A5 /* Assets.xcassets */,
			);
			path = MicroChat;
			sourceTree = "<group>";
		};
		F141285220876E8A0004C610 /* Classes */ = {
			isa = PBXGroup;
			children = (
				F141285820876ED70004C610 /* View */,
				F141285B20876F000004C610 /* ViewModel */,
				F141285A20876EFA0004C610 /* Tools */,
				F141285920876EF40004C610 /* Mode */,
			);
			path = Classes;
			sourceTree = "<group>";
		};
		F141285320876EA00004C610 /* Main */ = {
			isa = PBXGroup;
			children = (
				F141285C208770660004C610 /* MainViewController.swift */,
			);
			path = Main;
			sourceTree = "<group>";
		};
		F141285420876EA60004C610 /* Home */ = {
			isa = PBXGroup;
			children = (
				F141285E2087738C0004C610 /* HomeTableViewController.swift */,
			);
			path = Home;
			sourceTree = "<group>";
		};
		F141285520876EAE0004C610 /* Message */ = {
			isa = PBXGroup;
			children = (
				F1412860208773AA0004C610 /* MessageTableViewController.swift */,
			);
			path = Message;
			sourceTree = "<group>";
		};
		F141285620876EB60004C610 /* Profile */ = {
			isa = PBXGroup;
			children = (
				F1412862208773B90004C610 /* ProfileTableViewController.swift */,
			);
			path = Profile;
			sourceTree = "<group>";
		};
		F141285720876EC80004C610 /* Discover */ = {
			isa = PBXGroup;
			children = (
				F1412864208773C90004C610 /* DiscoverTableViewController.swift */,
			);
			path = Discover;
			sourceTree = "<group>";
		};
		F141285820876ED70004C610 /* View */ = {
			isa = PBXGroup;
			children = (
				F141285320876EA00004C610 /* Main */,
				F141285420876EA60004C610 /* Home */,
				F141285520876EAE0004C610 /* Message */,
				F141285620876EB60004C610 /* Profile */,
				F141285720876EC80004C610 /* Discover */,
			);
			path = View;
			sourceTree = "<group>";
		};
		F141285920876EF40004C610 /* Mode */ = {
			isa = PBXGroup;
			children = (
			);
			path = Mode;
			sourceTree = "<group>";
		};
		F141285A20876EFA0004C610 /* Tools */ = {
			isa = PBXGroup;
			children = (
			);
			path = Tools;
			sourceTree = "<group>";
		};
		F141285B20876F000004C610 /* ViewModel */ = {
			isa = PBXGroup;
			children = (
			);
			path = ViewModel;
			sourceTree = "<group>";
		};
/* End PBXGroup section */

/* Begin PBXNativeTarget section */
		F141283C208760380004C610 /* MicroChat */ = {
			isa = PBXNativeTarget;
			buildConfigurationList = F141284F2087603B0004C610 /* Build configuration list for PBXNativeTarget "MicroChat" */;
			buildPhases = (
				F1412839208760380004C610 /* Sources */,
				F141283A208760380004C610 /* Frameworks */,
				F141283B208760380004C610 /* Resources */,
			);
			buildRules = (
			);
			dependencies = (
			);
			name = MicroChat;
			productName = MicroChat;
			productReference = F141283D208760380004C610 /* MicroChat.app */;
			productType = "com.apple.product-type.application";
		};
/* End PBXNativeTarget section */

/* Begin PBXProject section */
		F1412835208760380004C610 /* Project object */ = {
			isa = PBXProject;
			attributes = {
				LastSwiftUpdateCheck = 0930;
				LastUpgradeCheck = 0930;
				ORGANIZATIONNAME = "王娜";
				TargetAttributes = {
					F141283C208760380004C610 = {
						CreatedOnToolsVersion = 9.3;
					};
				};
			};
			buildConfigurationList = F1412838208760380004C610 /* Build configuration list for PBXProject "MicroChat" */;
			compatibilityVersion = "Xcode 9.3";
			developmentRegion = en;
			hasScannedForEncodings = 0;
			knownRegions = (
				en,
				Base,
			);
			mainGroup = F1412834208760380004C610;
			productRefGroup = F141283E208760380004C610 /* Products */;
			projectDirPath = "";
			projectRoot = "";
			targets = (
				F141283C208760380004C610 /* MicroChat */,
			);
		};
/* End PBXProject section */

/* Begin PBXResourcesBuildPhase section */
		F141283B208760380004C610 /* Resources */ = {
			isa = PBXResourcesBuildPhase;
			buildActionMask = 2147483647;
			files = (
				F108749A208DFD8A009F26A5 /* Assets.xcassets in Resources */,
				F141284B2087603B0004C610 /* LaunchScreen.storyboard in Resources */,
			);
			runOnlyForDeploymentPostprocessing = 0;
		};
/* End PBXResourcesBuildPhase section */

/* Begin PBXSourcesBuildPhase section */
		F1412839208760380004C610 /* Sources */ = {
			isa = PBXSourcesBuildPhase;
			buildActionMask = 2147483647;
			files = (
				F1412865208773C90004C610 /* DiscoverTableViewController.swift in Sources */,
				F1412863208773B90004C610 /* ProfileTableViewController.swift in Sources */,
				F141285F2087738C0004C610 /* HomeTableViewController.swift in Sources */,
				F141285D208770660004C610 /* MainViewController.swift in Sources */,
				F1412861208773AA0004C610 /* MessageTableViewController.swift in Sources */,
				F1412841208760380004C610 /* AppDelegate.swift in Sources */,
			);
			runOnlyForDeploymentPostprocessing = 0;
		};
/* End PBXSourcesBuildPhase section */

/* Begin PBXVariantGroup section */
		F14128492087603B0004C610 /* LaunchScreen.storyboard */ = {
			isa = PBXVariantGroup;
			children = (
				F141284A2087603B0004C610 /* Base */,
			);
			name = LaunchScreen.storyboard;
			sourceTree = "<group>";
		};
/* End PBXVariantGroup section */

/* Begin XCBuildConfiguration section */
		F141284D2087603B0004C610 /* Debug */ = {
			isa = XCBuildConfiguration;
			buildSettings = {
				ALWAYS_SEARCH_USER_PATHS = NO;
				CLANG_ANALYZER_NONNULL = YES;
				CLANG_ANALYZER_NUMBER_OBJECT_CONVERSION = YES_AGGRESSIVE;
				CLANG_CXX_LANGUAGE_STANDARD = "gnu++14";
				CLANG_CXX_LIBRARY = "libc++";
				CLANG_ENABLE_MODULES = YES;
				CLANG_ENABLE_OBJC_ARC = YES;
				CLANG_ENABLE_OBJC_WEAK = YES;
				CLANG_WARN_BLOCK_CAPTURE_AUTORELEASING = YES;
				CLANG_WARN_BOOL_CONVERSION = YES;
				CLANG_WARN_COMMA = YES;
				CLANG_WARN_CONSTANT_CONVERSION = YES;
				CLANG_WARN_DEPRECATED_OBJC_IMPLEMENTATIONS = YES;
				CLANG_WARN_DIRECT_OBJC_ISA_USAGE = YES_ERROR;
				CLANG_WARN_DOCUMENTATION_COMMENTS = YES;
				CLANG_WARN_EMPTY_BODY = YES;
				CLANG_WARN_ENUM_CONVERSION = YES;
				CLANG_WARN_INFINITE_RECURSION = YES;
				CLANG_WARN_INT_CONVERSION = YES;
				CLANG_WARN_NON_LITERAL_NULL_CONVERSION = YES;
				CLANG_WARN_OBJC_IMPLICIT_RETAIN_SELF = YES;
				CLANG_WARN_OBJC_LITERAL_CONVERSION = YES;
				CLANG_WARN_OBJC_ROOT_CLASS = YES_ERROR;
				CLANG_WARN_RANGE_LOOP_ANALYSIS = YES;
				CLANG_WARN_STRICT_PROTOTYPES = YES;
				CLANG_WARN_SUSPICIOUS_MOVE = YES;
				CLANG_WARN_UNGUARDED_AVAILABILITY = YES_AGGRESSIVE;
				CLANG_WARN_UNREACHABLE_CODE = YES;
				CLANG_WARN__DUPLICATE_METHOD_MATCH = YES;
				CODE_SIGN_IDENTITY = "iPhone Developer";
				COPY_PHASE_STRIP = NO;
				DEBUG_INFORMATION_FORMAT = dwarf;
				ENABLE_STRICT_OBJC_MSGSEND = YES;
				ENABLE_TESTABILITY = YES;
				GCC_C_LANGUAGE_STANDARD = gnu11;
				GCC_DYNAMIC_NO_PIC = NO;
				GCC_NO_COMMON_BLOCKS = YES;
				GCC_OPTIMIZATION_LEVEL = 0;
				GCC_PREPROCESSOR_DEFINITIONS = (
					"DEBUG=1",
					"$(inherited)",
				);
				GCC_WARN_64_TO_32_BIT_CONVERSION = YES;
				GCC_WARN_ABOUT_RETURN_TYPE = YES_ERROR;
				GCC_WARN_UNDECLARED_SELECTOR = YES;
				GCC_WARN_UNINITIALIZED_AUTOS = YES_AGGRESSIVE;
				GCC_WARN_UNUSED_FUNCTION = YES;
				GCC_WARN_UNUSED_VARIABLE = YES;
				IPHONEOS_DEPLOYMENT_TARGET = 11.3;
				MTL_ENABLE_DEBUG_INFO = YES;
				ONLY_ACTIVE_ARCH = YES;
				SDKROOT = iphoneos;
				SWIFT_ACTIVE_COMPILATION_CONDITIONS = DEBUG;
				SWIFT_OPTIMIZATION_LEVEL = "-Onone";
			};
			name = Debug;
		};
		F141284E2087603B0004C610 /* Release */ = {
			isa = XCBuildConfiguration;
			buildSettings = {
				ALWAYS_SEARCH_USER_PATHS = NO;
				CLANG_ANALYZER_NONNULL = YES;
				CLANG_ANALYZER_NUMBER_OBJECT_CONVERSION = YES_AGGRESSIVE;
				CLANG_CXX_LANGUAGE_STANDARD = "gnu++14";
				CLANG_CXX_LIBRARY = "libc++";
				CLANG_ENABLE_MODULES = YES;
				CLANG_ENABLE_OBJC_ARC = YES;
				CLANG_ENABLE_OBJC_WEAK = YES;
				CLANG_WARN_BLOCK_CAPTURE_AUTORELEASING = YES;
				CLANG_WARN_BOOL_CONVERSION = YES;
				CLANG_WARN_COMMA = YES;
				CLANG_WARN_CONSTANT_CONVERSION = YES;
				CLANG_WARN_DEPRECATED_OBJC_IMPLEMENTATIONS = YES;
				CLANG_WARN_DIRECT_OBJC_ISA_USAGE = YES_ERROR;
				CLANG_WARN_DOCUMENTATION_COMMENTS = YES;
				CLANG_WARN_EMPTY_BODY = YES;
				CLANG_WARN_ENUM_CONVERSION = YES;
				CLANG_WARN_INFINITE_RECURSION = YES;
				CLANG_WARN_INT_CONVERSION = YES;
				CLANG_WARN_NON_LITERAL_NULL_CONVERSION = YES;
				CLANG_WARN_OBJC_IMPLICIT_RETAIN_SELF = YES;
				CLANG_WARN_OBJC_LITERAL_CONVERSION = YES;
				CLANG_WARN_OBJC_ROOT_CLASS = YES_ERROR;
				CLANG_WARN_RANGE_LOOP_ANALYSIS = YES;
				CLANG_WARN_STRICT_PROTOTYPES = YES;
				CLANG_WARN_SUSPICIOUS_MOVE = YES;
				CLANG_WARN_UNGUARDED_AVAILABILITY = YES_AGGRESSIVE;
				CLANG_WARN_UNREACHABLE_CODE = YES;
				CLANG_WARN__DUPLICATE_METHOD_MATCH = YES;
				CODE_SIGN_IDENTITY = "iPhone Developer";
				COPY_PHASE_STRIP = NO;
				DEBUG_INFORMATION_FORMAT = "dwarf-with-dsym";
				ENABLE_NS_ASSERTIONS = NO;
				ENABLE_STRICT_OBJC_MSGSEND = YES;
				GCC_C_LANGUAGE_STANDARD = gnu11;
				GCC_NO_COMMON_BLOCKS = YES;
				GCC_WARN_64_TO_32_BIT_CONVERSION = YES;
				GCC_WARN_ABOUT_RETURN_TYPE = YES_ERROR;
				GCC_WARN_UNDECLARED_SELECTOR = YES;
				GCC_WARN_UNINITIALIZED_AUTOS = YES_AGGRESSIVE;
				GCC_WARN_UNUSED_FUNCTION = YES;
				GCC_WARN_UNUSED_VARIABLE = YES;
				IPHONEOS_DEPLOYMENT_TARGET = 11.3;
				MTL_ENABLE_DEBUG_INFO = NO;
				SDKROOT = iphoneos;
				SWIFT_COMPILATION_MODE = wholemodule;
				SWIFT_OPTIMIZATION_LEVEL = "-O";
				VALIDATE_PRODUCT = YES;
			};
			name = Release;
		};
		F14128502087603B0004C610 /* Debug */ = {
			isa = XCBuildConfiguration;
			buildSettings = {
				ASSETCATALOG_COMPILER_APPICON_NAME = AppIcon;
				ASSETCATALOG_COMPILER_LAUNCHIMAGE_NAME = LaunchImage;
				CODE_SIGN_STYLE = Manual;
				DEVELOPMENT_TEAM = "";
				INFOPLIST_FILE = MicroChat/Info.plist;
				IPHONEOS_DEPLOYMENT_TARGET = 8.0;
				LD_RUNPATH_SEARCH_PATHS = (
					"$(inherited)",
					"@executable_path/Frameworks",
				);
				PRODUCT_BUNDLE_IDENTIFIER = S.MicroChat;
				PRODUCT_NAME = "$(TARGET_NAME)";
				PROVISIONING_PROFILE_SPECIFIER = "";
				SWIFT_VERSION = 4.0;
				TARGETED_DEVICE_FAMILY = 1;
			};
			name = Debug;
		};
		F14128512087603B0004C610 /* Release */ = {
			isa = XCBuildConfiguration;
			buildSettings = {
				ASSETCATALOG_COMPILER_APPICON_NAME = AppIcon;
				ASSETCATALOG_COMPILER_LAUNCHIMAGE_NAME = LaunchImage;
				CODE_SIGN_STYLE = Manual;
				DEVELOPMENT_TEAM = "";
				INFOPLIST_FILE = MicroChat/Info.plist;
				IPHONEOS_DEPLOYMENT_TARGET = 8.0;
				LD_RUNPATH_SEARCH_PATHS = (
					"$(inherited)",
					"@executable_path/Frameworks",
				);
				PRODUCT_BUNDLE_IDENTIFIER = S.MicroChat;
				PRODUCT_NAME = "$(TARGET_NAME)";
				PROVISIONING_PROFILE_SPECIFIER = "";
				SWIFT_VERSION = 4.0;
				TARGETED_DEVICE_FAMILY = 1;
			};
			name = Release;
		};
/* End XCBuildConfiguration section */

/* Begin XCConfigurationList section */
		F1412838208760380004C610 /* Build configuration list for PBXProject "MicroChat" */ = {
			isa = XCConfigurationList;
			buildConfigurations = (
				F141284D2087603B0004C610 /* Debug */,
				F141284E2087603B0004C610 /* Release */,
			);
			defaultConfigurationIsVisible = 0;
			defaultConfigurationName = Release;
		};
		F141284F2087603B0004C610 /* Build configuration list for PBXNativeTarget "MicroChat" */ = {
			isa = XCConfigurationList;
			buildConfigurations = (
				F14128502087603B0004C610 /* Debug */,
				F14128512087603B0004C610 /* Release */,
			);
			defaultConfigurationIsVisible = 0;
			defaultConfigurationName = Release;
		};
/* End XCConfigurationList section */
	};
	rootObject = F1412835208760380004C610 /* Project object */;
}
